
Microsoft Visual Studio Solution File, Format Version 12.00
# Visual Studio 2013
VisualStudioVersion = 12.0.21005.1
MinimumVisualStudioVersion = 10.0.40219.1
Project("{FAE04EC0-301F-11D3-BF4B-00C04F79EFBC}") = "APIMATICCalculator.PCL", "APIMATICCalculator.PCL/APIMATICCalculator.PCL.csproj", "{734c054c-8a46-4c11-8da9-b36e804e6f83}"
EndProject
Global
    GlobalSection(SolutionConfigurationPlatforms) = preSolution
        Debug|Any CPU = Debug|Any CPU
        Release|Any CPU = Release|Any CPU
    EndGlobalSection
    GlobalSection(ProjectConfigurationPlatforms) = postSolution
        {734c054c-8a46-4c11-8da9-b36e804e6f83}.Debug|Any CPU.ActiveCfg = Debug|Any CPU
        {734c054c-8a46-4c11-8da9-b36e804e6f83}.Debug|Any CPU.Build.0 = Debug|Any CPU
        {734c054c-8a46-4c11-8da9-b36e804e6f83}.Release|Any CPU.ActiveCfg = Release|Any CPU
        {734c054c-8a46-4c11-8da9-b36e804e6f83}.Release|Any CPU.Build.0 = Release|Any CPU
    EndGlobalSection
    GlobalSection(SolutionProperties) = preSolution
        HideSolutionNode = FALSE
    EndGlobalSection
EndGlobal
